// !$*UTF8*$!
{
	archiveVersion = 1;
	classes = {
	};
	objectVersion = 50;
	objects = {

/* Begin PBXBuildFile section */
		C54031ED23F1ACD000A7206E /* AppDelegate.swift in Sources */ = {isa = PBXBuildFile; fileRef = C54031EC23F1ACD000A7206E /* AppDelegate.swift */; };
		C54031F223F1ACD000A7206E /* Main.storyboard in Resources */ = {isa = PBXBuildFile; fileRef = C54031F023F1ACD000A7206E /* Main.storyboard */; };
		C54031F423F1ACD200A7206E /* Assets.xcassets in Resources */ = {isa = PBXBuildFile; fileRef = C54031F323F1ACD200A7206E /* Assets.xcassets */; };
		C54031F723F1ACD200A7206E /* LaunchScreen.storyboard in Resources */ = {isa = PBXBuildFile; fileRef = C54031F523F1ACD200A7206E /* LaunchScreen.storyboard */; };
		C54031FF23F1AD7900A7206E /* CollectionViewCell.swift in Sources */ = {isa = PBXBuildFile; fileRef = C54031FE23F1AD7900A7206E /* CollectionViewCell.swift */; };
		C540320123F1ADDA00A7206E /* CollectionViewController.swift in Sources */ = {isa = PBXBuildFile; fileRef = C540320023F1ADDA00A7206E /* CollectionViewController.swift */; };
		C540320323F1AE7700A7206E /* ViewController.swift in Sources */ = {isa = PBXBuildFile; fileRef = C540320223F1AE7700A7206E /* ViewController.swift */; };
/* End PBXBuildFile section */

/* Begin PBXFileReference section */
		C54031E923F1ACD000A7206E /* MemoryLeakTest.app */ = {isa = PBXFileReference; explicitFileType = wrapper.application; includeInIndex = 0; path = MemoryLeakTest.app; sourceTree = BUILT_PRODUCTS_DIR; };
		C54031EC23F1ACD000A7206E /* AppDelegate.swift */ = {isa = PBXFileReference; lastKnownFileType = sourcecode.swift; path = AppDelegate.swift; sourceTree = "<group>"; };
		C54031F123F1ACD000A7206E /* Base */ = {isa = PBXFileReference; lastKnownFileType = file.storyboard; name = Base; path = Base.lproj/Main.storyboard; sourceTree = "<group>"; };
		C54031F323F1ACD200A7206E /* Assets.xcassets */ = {isa = PBXFileReference; lastKnownFileType = folder.assetcatalog; path = Assets.xcassets; sourceTree = "<group>"; };
		C54031F623F1ACD200A7206E /* Base */ = {isa = PBXFileReference; lastKnownFileType = file.storyboard; name = Base; path = Base.lproj/LaunchScreen.storyboard; sourceTree = "<group>"; };
		C54031F823F1ACD200A7206E /* Info.plist */ = {isa = PBXFileReference; lastKnownFileType = text.plist.xml; path = Info.plist; sourceTree = "<group>"; };
		C54031FE23F1AD7900A7206E /* CollectionViewCell.swift */ = {isa = PBXFileReference; lastKnownFileType = sourcecode.swift; path = CollectionViewCell.swift; sourceTree = "<group>"; };
		C540320023F1ADDA00A7206E /* CollectionViewController.swift */ = {isa = PBXFileReference; lastKnownFileType = sourcecode.swift; path = CollectionViewController.swift; sourceTree = "<group>"; };
		C540320223F1AE7700A7206E /* ViewController.swift */ = {isa = PBXFileReference; lastKnownFileType = sourcecode.swift; path = ViewController.swift; sourceTree = "<group>"; };
/* End PBXFileReference section */

/* Begin PBXFrameworksBuildPhase section */
		C54031E623F1ACD000A7206E /* Frameworks */ = {
			isa = PBXFrameworksBuildPhase;
			buildActionMask = 2147483647;
			files = (
			);
			runOnlyForDeploymentPostprocessing = 0;
		};
/* End PBXFrameworksBuildPhase section */

/* Begin PBXGroup section */
		C54031E023F1ACD000A7206E = {
			isa = PBXGroup;
			children = (
				C54031EB23F1ACD000A7206E /* MemoryLeakTest */,
				C54031EA23F1ACD000A7206E /* Products */,
			);
			sourceTree = "<group>";
		};
		C54031EA23F1ACD000A7206E /* Products */ = {
			isa = PBXGroup;
			children = (
				C54031E923F1ACD000A7206E /* MemoryLeakTest.app */,
			);
			name = Products;
			sourceTree = "<group>";
		};
		C54031EB23F1ACD000A7206E /* MemoryLeakTest */ = {
			isa = PBXGroup;
			children = (
				C54031EC23F1ACD000A7206E /* AppDelegate.swift */,
				C540320223F1AE7700A7206E /* ViewController.swift */,
				C540320023F1ADDA00A7206E /* CollectionViewController.swift */,
				C54031FE23F1AD7900A7206E /* CollectionViewCell.swift */,
				C54031F023F1ACD000A7206E /* Main.storyboard */,
				C54031F323F1ACD200A7206E /* Assets.xcassets */,
				C54031F523F1ACD200A7206E /* LaunchScreen.storyboard */,
				C54031F823F1ACD200A7206E /* Info.plist */,
			);
			path = MemoryLeakTest;
			sourceTree = "<group>";
		};
/* End PBXGroup section */

/* Begin PBXNativeTarget section */
		C54031E823F1ACD000A7206E /* MemoryLeakTest */ = {
			isa = PBXNativeTarget;
			buildConfigurationList = C54031FB23F1ACD200A7206E /* Build configuration list for PBXNativeTarget "MemoryLeakTest" */;
			buildPhases = (
				C54031E523F1ACD000A7206E /* Sources */,
				C54031E623F1ACD000A7206E /* Frameworks */,
				C54031E723F1ACD000A7206E /* Resources */,
			);
			buildRules = (
			);
			dependencies = (
			);
			name = MemoryLeakTest;
			productName = MemoryLeakTest;
			productReference = C54031E923F1ACD000A7206E /* MemoryLeakTest.app */;
			productType = "com.apple.product-type.application";
		};
/* End PBXNativeTarget section */

/* Begin PBXProject section */
		C54031E123F1ACD000A7206E /* Project object */ = {
			isa = PBXProject;
			attributes = {
				LastSwiftUpdateCheck = 1030;
				LastUpgradeCheck = 1030;
				ORGANIZATIONNAME = 500px;
				TargetAttributes = {
					C54031E823F1ACD000A7206E = {
						CreatedOnToolsVersion = 10.3;
					};
				};
			};
			buildConfigurationList = C54031E423F1ACD000A7206E /* Build configuration list for PBXProject "MemoryLeakTest" */;
			compatibilityVersion = "Xcode 9.3";
			developmentRegion = en;
			hasScannedForEncodings = 0;
			knownRegions = (
				en,
				Base,
			);
			mainGroup = C54031E023F1ACD000A7206E;
			productRefGroup = C54031EA23F1ACD000A7206E /* Products */;
			projectDirPath = "";
			projectRoot = "";
			targets = (
				C54031E823F1ACD000A7206E /* MemoryLeakTest */,
			);
		};
/* End PBXProject section */

/* Begin PBXResourcesBuildPhase section */
		C54031E723F1ACD000A7206E /* Resources */ = {
			isa = PBXResourcesBuildPhase;
			buildActionMask = 2147483647;
			files = (
				C54031F723F1ACD200A7206E /* LaunchScreen.storyboard in Resources */,
				C54031F423F1ACD200A7206E /* Assets.xcassets in Resources */,
				C54031F223F1ACD000A7206E /* Main.storyboard in Resources */,
			);
			runOnlyForDeploymentPostprocessing = 0;
		};
/* End PBXResourcesBuildPhase section */

/* Begin PBXSourcesBuildPhase section */
		C54031E523F1ACD000A7206E /* Sources */ = {
			isa = PBXSourcesBuildPhase;
			buildActionMask = 2147483647;
			files = (
				C540320123F1ADDA00A7206E /* CollectionViewController.swift in Sources */,
				C54031ED23F1ACD000A7206E /* AppDelegate.swift in Sources */,
				C540320323F1AE7700A7206E /* ViewController.swift in Sources */,
				C54031FF23F1AD7900A7206E /* CollectionViewCell.swift in Sources */,
			);
			runOnlyForDeploymentPostprocessing = 0;
		};
/* End PBXSourcesBuildPhase section */

/* Begin PBXVariantGroup section */
		C54031F023F1ACD000A7206E /* Main.storyboard */ = {
			isa = PBXVariantGroup;
			children = (
				C54031F123F1ACD000A7206E /* Base */,
			);
			name = Main.storyboard;
			sourceTree = "<group>";
		};
		C54031F523F1ACD200A7206E /* LaunchScreen.storyboard */ = {
			isa = PBXVariantGroup;
			children = (
				C54031F623F1ACD200A7206E /* Base */,
			);
			name = LaunchScreen.storyboard;
			sourceTree = "<group>";
		};
/* End PBXVariantGroup section */

/* Begin XCBuildConfiguration section */
		C54031F923F1ACD200A7206E /* Debug */ = {
			isa = XCBuildConfiguration;
			buildSettings = {
				ALWAYS_SEARCH_USER_PATHS = NO;
				CLANG_ANALYZER_NONNULL = YES;
				CLANG_ANALYZER_NUMBER_OBJECT_CONVERSION = YES_AGGRESSIVE;
				CLANG_CXX_LANGUAGE_STANDARD = "gnu++14";
				CLANG_CXX_LIBRARY = "libc++";
				CLANG_ENABLE_MODULES = YES;
				CLANG_ENABLE_OBJC_ARC = YES;
				CLANG_ENABLE_OBJC_WEAK = YES;
				CLANG_WARN_BLOCK_CAPTURE_AUTORELEASING = YES;
				CLANG_WARN_BOOL_CONVERSION = YES;
				CLANG_WARN_COMMA = YES;
				CLANG_WARN_CONSTANT_CONVERSION = YES;
				CLANG_WARN_DEPRECATED_OBJC_IMPLEMENTATIONS = YES;
				CLANG_WARN_DIRECT_OBJC_ISA_USAGE = YES_ERROR;
				CLANG_WARN_DOCUMENTATION_COMMENTS = YES;
				CLANG_WARN_EMPTY_BODY = YES;
				CLANG_WARN_ENUM_CONVERSION = YES;
				CLANG_WARN_INFINITE_RECURSION = YES;
				CLANG_WARN_INT_CONVERSION = YES;
				CLANG_WARN_NON_LITERAL_NULL_CONVERSION = YES;
				CLANG_WARN_OBJC_IMPLICIT_RETAIN_SELF = YES;
				CLANG_WARN_OBJC_LITERAL_CONVERSION = YES;
				CLANG_WARN_OBJC_ROOT_CLASS = YES_ERROR;
				CLANG_WARN_RANGE_LOOP_ANALYSIS = YES;
				CLANG_WARN_STRICT_PROTOTYPES = YES;
				CLANG_WARN_SUSPICIOUS_MOVE = YES;
				CLANG_WARN_UNGUARDED_AVAILABILITY = YES_AGGRESSIVE;
				CLANG_WARN_UNREACHABLE_CODE = YES;
				CLANG_WARN__DUPLICATE_METHOD_MATCH = YES;
				CODE_SIGN_IDENTITY = "iPhone Developer";
				COPY_PHASE_STRIP = NO;
				DEBUG_INFORMATION_FORMAT = dwarf;
				ENABLE_STRICT_OBJC_MSGSEND = YES;
				ENABLE_TESTABILITY = YES;
				GCC_C_LANGUAGE_STANDARD = gnu11;
				GCC_DYNAMIC_NO_PIC = NO;
				GCC_NO_COMMON_BLOCKS = YES;
				GCC_OPTIMIZATION_LEVEL = 0;
				GCC_PREPROCESSOR_DEFINITIONS = (
					"DEBUG=1",
					"$(inherited)",
				);
				GCC_WARN_64_TO_32_BIT_CONVERSION = YES;
				GCC_WARN_ABOUT_RETURN_TYPE = YES_ERROR;
				GCC_WARN_UNDECLARED_SELECTOR = YES;
				GCC_WARN_UNINITIALIZED_AUTOS = YES_AGGRESSIVE;
				GCC_WARN_UNUSED_FUNCTION = YES;
				GCC_WARN_UNUSED_VARIABLE = YES;
				IPHONEOS_DEPLOYMENT_TARGET = 12.4;
				MTL_ENABLE_DEBUG_INFO = INCLUDE_SOURCE;
				MTL_FAST_MATH = YES;
				ONLY_ACTIVE_ARCH = YES;
				SDKROOT = iphoneos;
				SWIFT_ACTIVE_COMPILATION_CONDITIONS = DEBUG;
				SWIFT_OPTIMIZATION_LEVEL = "-Onone";
			};
			name = Debug;
		};
		C54031FA23F1ACD200A7206E /* Release */ = {
			isa = XCBuildConfiguration;
			buildSettings = {
				ALWAYS_SEARCH_USER_PATHS = NO;
				CLANG_ANALYZER_NONNULL = YES;
				CLANG_ANALYZER_NUMBER_OBJECT_CONVERSION = YES_AGGRESSIVE;
				CLANG_CXX_LANGUAGE_STANDARD = "gnu++14";
				CLANG_CXX_LIBRARY = "libc++";
				CLANG_ENABLE_MODULES = YES;
				CLANG_ENABLE_OBJC_ARC = YES;
				CLANG_ENABLE_OBJC_WEAK = YES;
				CLANG_WARN_BLOCK_CAPTURE_AUTORELEASING = YES;
				CLANG_WARN_BOOL_CONVERSION = YES;
				CLANG_WARN_COMMA = YES;
				CLANG_WARN_CONSTANT_CONVERSION = YES;
				CLANG_WARN_DEPRECATED_OBJC_IMPLEMENTATIONS = YES;
				CLANG_WARN_DIRECT_OBJC_ISA_USAGE = YES_ERROR;
				CLANG_WARN_DOCUMENTATION_COMMENTS = YES;
				CLANG_WARN_EMPTY_BODY = YES;
				CLANG_WARN_ENUM_CONVERSION = YES;
				CLANG_WARN_INFINITE_RECURSION = YES;
				CLANG_WARN_INT_CONVERSION = YES;
				CLANG_WARN_NON_LITERAL_NULL_CONVERSION = YES;
				CLANG_WARN_OBJC_IMPLICIT_RETAIN_SELF = YES;
				CLANG_WARN_OBJC_LITERAL_CONVERSION = YES;
				CLANG_WARN_OBJC_ROOT_CLASS = YES_ERROR;
				CLANG_WARN_RANGE_LOOP_ANALYSIS = YES;
				CLANG_WARN_STRICT_PROTOTYPES = YES;
				CLANG_WARN_SUSPICIOUS_MOVE = YES;
				CLANG_WARN_UNGUARDED_AVAILABILITY = YES_AGGRESSIVE;
				CLANG_WARN_UNREACHABLE_CODE = YES;
				CLANG_WARN__DUPLICATE_METHOD_MATCH = YES;
				CODE_SIGN_IDENTITY = "iPhone Developer";
				COPY_PHASE_STRIP = NO;
				DEBUG_INFORMATION_FORMAT = "dwarf-with-dsym";
				ENABLE_NS_ASSERTIONS = NO;
				ENABLE_STRICT_OBJC_MSGSEND = YES;
				GCC_C_LANGUAGE_STANDARD = gnu11;
				GCC_NO_COMMON_BLOCKS = YES;
				GCC_WARN_64_TO_32_BIT_CONVERSION = YES;
				GCC_WARN_ABOUT_RETURN_TYPE = YES_ERROR;
				GCC_WARN_UNDECLARED_SELECTOR = YES;
				GCC_WARN_UNINITIALIZED_AUTOS = YES_AGGRESSIVE;
				GCC_WARN_UNUSED_FUNCTION = YES;
				GCC_WARN_UNUSED_VARIABLE = YES;
				IPHONEOS_DEPLOYMENT_TARGET = 12.4;
				MTL_ENABLE_DEBUG_INFO = NO;
				MTL_FAST_MATH = YES;
				SDKROOT = iphoneos;
				SWIFT_COMPILATION_MODE = wholemodule;
				SWIFT_OPTIMIZATION_LEVEL = "-O";
				VALIDATE_PRODUCT = YES;
			};
			name = Release;
		};
		C54031FC23F1ACD200A7206E /* Debug */ = {
			isa = XCBuildConfiguration;
			buildSettings = {
				ASSETCATALOG_COMPILER_APPICON_NAME = AppIcon;
				CODE_SIGN_STYLE = Automatic;
				INFOPLIST_FILE = MemoryLeakTest/Info.plist;
				LD_RUNPATH_SEARCH_PATHS = (
					"$(inherited)",
					"@executable_path/Frameworks",
				);
				PRODUCT_BUNDLE_IDENTIFIER = com.500px.MemoryLeakTest;
				PRODUCT_NAME = "$(TARGET_NAME)";
				SWIFT_VERSION = 5.0;
				TARGETED_DEVICE_FAMILY = "1,2";
			};
			name = Debug;
		};
		C54031FD23F1ACD200A7206E /* Release */ = {
			isa = XCBuildConfiguration;
			buildSettings = {
				ASSETCATALOG_COMPILER_APPICON_NAME = AppIcon;
				CODE_SIGN_STYLE = Automatic;
				INFOPLIST_FILE = MemoryLeakTest/Info.plist;
				LD_RUNPATH_SEARCH_PATHS = (
					"$(inherited)",
					"@executable_path/Frameworks",
				);
				PRODUCT_BUNDLE_IDENTIFIER = com.500px.MemoryLeakTest;
				PRODUCT_NAME = "$(TARGET_NAME)";
				SWIFT_VERSION = 5.0;
				TARGETED_DEVICE_FAMILY = "1,2";
			};
			name = Release;
		};
/* End XCBuildConfiguration section */

/* Begin XCConfigurationList section */
		C54031E423F1ACD000A7206E /* Build configuration list for PBXProject "MemoryLeakTest" */ = {
			isa = XCConfigurationList;
			buildConfigurations = (
				C54031F923F1ACD200A7206E /* Debug */,
				C54031FA23F1ACD200A7206E /* Release */,
			);
			defaultConfigurationIsVisible = 0;
			defaultConfigurationName = Release;
		};
		C54031FB23F1ACD200A7206E /* Build configuration list for PBXNativeTarget "MemoryLeakTest" */ = {
			isa = XCConfigurationList;
			buildConfigurations = (
				C54031FC23F1ACD200A7206E /* Debug */,
				C54031FD23F1ACD200A7206E /* Release */,
			);
			defaultConfigurationIsVisible = 0;
			defaultConfigurationName = Release;
		};
/* End XCConfigurationList section */
	};
	rootObject = C54031E123F1ACD000A7206E /* Project object */;
}
